
Microsoft Visual Studio Solution File, Format Version 12.00
# Visual Studio 14
VisualStudioVersion = 14.0.25420.1
MinimumVisualStudioVersion = 10.0.40219.1
Project("{FAE04EC0-301F-11D3-BF4B-00C04F79EFBC}") = "Strange Happenings", "Strange Happenings\Strange Happenings.csproj", "{A3E5D899-AACB-4FDC-9412-92044E210885}"
EndProject
Project("{FAE04EC0-301F-11D3-BF4B-00C04F79EFBC}") = "Strange Happenings.Tests", "Strange Happenings.Tests\Strange Happenings.Tests.csproj", "{1CF17700-902F-4037-8CFB-EA7C200D3CE3}"
EndProject
Global
	GlobalSection(SolutionConfigurationPlatforms) = preSolution
		Debug|Any CPU = Debug|Any CPU
		Release|Any CPU = Release|Any CPU
	EndGlobalSection
	GlobalSection(ProjectConfigurationPlatforms) = postSolution
		{A3E5D899-AACB-4FDC-9412-92044E210885}.Debug|Any CPU.ActiveCfg = Debug|Any CPU
		{A3E5D899-AACB-4FDC-9412-92044E210885}.Debug|Any CPU.Build.0 = Debug|Any CPU
		{A3E5D899-AACB-4FDC-9412-92044E210885}.Release|Any CPU.ActiveCfg = Release|Any CPU
		{A3E5D899-AACB-4FDC-9412-92044E210885}.Release|Any CPU.Build.0 = Release|Any CPU
		{1CF17700-902F-4037-8CFB-EA7C200D3CE3}.Debug|Any CPU.ActiveCfg = Debug|Any CPU
		{1CF17700-902F-4037-8CFB-EA7C200D3CE3}.Debug|Any CPU.Build.0 = Debug|Any CPU
		{1CF17700-902F-4037-8CFB-EA7C200D3CE3}.Release|Any CPU.ActiveCfg = Release|Any CPU
		{1CF17700-902F-4037-8CFB-EA7C200D3CE3}.Release|Any CPU.Build.0 = Release|Any CPU
	EndGlobalSection
	GlobalSection(SolutionProperties) = preSolution
		HideSolutionNode = FALSE
	EndGlobalSection
EndGlobal
